
Microsoft Visual Studio Solution File, Format Version 12.00
# Visual Studio Version 16
VisualStudioVersion = 16.0.31321.278
MinimumVisualStudioVersion = 10.0.40219.1
Project("{FAE04EC0-301F-11D3-BF4B-00C04F79EFBC}") = "Vianet.Android", "Vianet\Vianet.Android\Vianet.Android.csproj", "{3A75160C-42E5-4992-8DCC-129E1D366756}"
EndProject
Project("{FAE04EC0-301F-11D3-BF4B-00C04F79EFBC}") = "Vianet.iOS", "Vianet\Vianet.iOS\Vianet.iOS.csproj", "{CA424EA9-DA5E-4979-A58F-D37B59AADAFC}"
EndProject
Project("{FAE04EC0-301F-11D3-BF4B-00C04F79EFBC}") = "Vianet", "Vianet\Vianet\Vianet.csproj", "{CE126AF9-4A36-4FD5-B6CB-39F53B6DB62F}"
EndProject
Global
	GlobalSection(SolutionConfigurationPlatforms) = preSolution
		Debug|Any CPU = Debug|Any CPU
		Debug|iPhone = Debug|iPhone
		Debug|iPhoneSimulator = Debug|iPhoneSimulator
		Release|Any CPU = Release|Any CPU
		Release|iPhone = Release|iPhone
		Release|iPhoneSimulator = Release|iPhoneSimulator
	EndGlobalSection
	GlobalSection(ProjectConfigurationPlatforms) = postSolution
		{3A75160C-42E5-4992-8DCC-129E1D366756}.Debug|Any CPU.ActiveCfg = Debug|Any CPU
		{3A75160C-42E5-4992-8DCC-129E1D366756}.Debug|Any CPU.Build.0 = Debug|Any CPU
		{3A75160C-42E5-4992-8DCC-129E1D366756}.Debug|Any CPU.Deploy.0 = Debug|Any CPU
		{3A75160C-42E5-4992-8DCC-129E1D366756}.Debug|iPhone.ActiveCfg = Debug|Any CPU
		{3A75160C-42E5-4992-8DCC-129E1D366756}.Debug|iPhone.Build.0 = Debug|Any CPU
		{3A75160C-42E5-4992-8DCC-129E1D366756}.Debug|iPhone.Deploy.0 = Debug|Any CPU
		{3A75160C-42E5-4992-8DCC-129E1D366756}.Debug|iPhoneSimulator.ActiveCfg = Debug|Any CPU
		{3A75160C-42E5-4992-8DCC-129E1D366756}.Debug|iPhoneSimulator.Build.0 = Debug|Any CPU
		{3A75160C-42E5-4992-8DCC-129E1D366756}.Debug|iPhoneSimulator.Deploy.0 = Debug|Any CPU
		{3A75160C-42E5-4992-8DCC-129E1D366756}.Release|Any CPU.ActiveCfg = Release|Any CPU
		{3A75160C-42E5-4992-8DCC-129E1D366756}.Release|Any CPU.Build.0 = Release|Any CPU
		{3A75160C-42E5-4992-8DCC-129E1D366756}.Release|Any CPU.Deploy.0 = Release|Any CPU
		{3A75160C-42E5-4992-8DCC-129E1D366756}.Release|iPhone.ActiveCfg = Release|Any CPU
		{3A75160C-42E5-4992-8DCC-129E1D366756}.Release|iPhone.Build.0 = Release|Any CPU
		{3A75160C-42E5-4992-8DCC-129E1D366756}.Release|iPhone.Deploy.0 = Release|Any CPU
		{3A75160C-42E5-4992-8DCC-129E1D366756}.Release|iPhoneSimulator.ActiveCfg = Release|Any CPU
		{3A75160C-42E5-4992-8DCC-129E1D366756}.Release|iPhoneSimulator.Build.0 = Release|Any CPU
		{3A75160C-42E5-4992-8DCC-129E1D366756}.Release|iPhoneSimulator.Deploy.0 = Release|Any CPU
		{CA424EA9-DA5E-4979-A58F-D37B59AADAFC}.Debug|Any CPU.ActiveCfg = Debug|iPhone
		{CA424EA9-DA5E-4979-A58F-D37B59AADAFC}.Debug|Any CPU.Build.0 = Debug|iPhone
		{CA424EA9-DA5E-4979-A58F-D37B59AADAFC}.Debug|Any CPU.Deploy.0 = Debug|iPhone
		{CA424EA9-DA5E-4979-A58F-D37B59AADAFC}.Debug|iPhone.ActiveCfg = Debug|iPhone
		{CA424EA9-DA5E-4979-A58F-D37B59AADAFC}.Debug|iPhone.Build.0 = Debug|iPhone
		{CA424EA9-DA5E-4979-A58F-D37B59AADAFC}.Debug|iPhone.Deploy.0 = Debug|iPhone
		{CA424EA9-DA5E-4979-A58F-D37B59AADAFC}.Debug|iPhoneSimulator.ActiveCfg = Debug|iPhoneSimulator
		{CA424EA9-DA5E-4979-A58F-D37B59AADAFC}.Debug|iPhoneSimulator.Build.0 = Debug|iPhoneSimulator
		{CA424EA9-DA5E-4979-A58F-D37B59AADAFC}.Debug|iPhoneSimulator.Deploy.0 = Debug|iPhoneSimulator
		{CA424EA9-DA5E-4979-A58F-D37B59AADAFC}.Release|Any CPU.ActiveCfg = Release|iPhoneSimulator
		{CA424EA9-DA5E-4979-A58F-D37B59AADAFC}.Release|Any CPU.Build.0 = Release|iPhoneSimulator
		{CA424EA9-DA5E-4979-A58F-D37B59AADAFC}.Release|Any CPU.Deploy.0 = Release|iPhoneSimulator
		{CA424EA9-DA5E-4979-A58F-D37B59AADAFC}.Release|iPhone.ActiveCfg = Release|iPhone
		{CA424EA9-DA5E-4979-A58F-D37B59AADAFC}.Release|iPhone.Build.0 = Release|iPhone
		{CA424EA9-DA5E-4979-A58F-D37B59AADAFC}.Release|iPhone.Deploy.0 = Release|iPhone
		{CA424EA9-DA5E-4979-A58F-D37B59AADAFC}.Release|iPhoneSimulator.ActiveCfg = Release|iPhoneSimulator
		{CA424EA9-DA5E-4979-A58F-D37B59AADAFC}.Release|iPhoneSimulator.Build.0 = Release|iPhoneSimulator
		{CA424EA9-DA5E-4979-A58F-D37B59AADAFC}.Release|iPhoneSimulator.Deploy.0 = Release|iPhoneSimulator
		{CE126AF9-4A36-4FD5-B6CB-39F53B6DB62F}.Debug|Any CPU.ActiveCfg = Debug|Any CPU
		{CE126AF9-4A36-4FD5-B6CB-39F53B6DB62F}.Debug|Any CPU.Build.0 = Debug|Any CPU
		{CE126AF9-4A36-4FD5-B6CB-39F53B6DB62F}.Debug|Any CPU.Deploy.0 = Debug|Any CPU
		{CE126AF9-4A36-4FD5-B6CB-39F53B6DB62F}.Debug|iPhone.ActiveCfg = Debug|Any CPU
		{CE126AF9-4A36-4FD5-B6CB-39F53B6DB62F}.Debug|iPhone.Build.0 = Debug|Any CPU
		{CE126AF9-4A36-4FD5-B6CB-39F53B6DB62F}.Debug|iPhone.Deploy.0 = Debug|Any CPU
		{CE126AF9-4A36-4FD5-B6CB-39F53B6DB62F}.Debug|iPhoneSimulator.ActiveCfg = Debug|Any CPU
		{CE126AF9-4A36-4FD5-B6CB-39F53B6DB62F}.Debug|iPhoneSimulator.Build.0 = Debug|Any CPU
		{CE126AF9-4A36-4FD5-B6CB-39F53B6DB62F}.Debug|iPhoneSimulator.Deploy.0 = Debug|Any CPU
		{CE126AF9-4A36-4FD5-B6CB-39F53B6DB62F}.Release|Any CPU.ActiveCfg = Release|Any CPU
		{CE126AF9-4A36-4FD5-B6CB-39F53B6DB62F}.Release|Any CPU.Build.0 = Release|Any CPU
		{CE126AF9-4A36-4FD5-B6CB-39F53B6DB62F}.Release|Any CPU.Deploy.0 = Release|Any CPU
		{CE126AF9-4A36-4FD5-B6CB-39F53B6DB62F}.Release|iPhone.ActiveCfg = Release|Any CPU
		{CE126AF9-4A36-4FD5-B6CB-39F53B6DB62F}.Release|iPhone.Build.0 = Release|Any CPU
		{CE126AF9-4A36-4FD5-B6CB-39F53B6DB62F}.Release|iPhone.Deploy.0 = Release|Any CPU
		{CE126AF9-4A36-4FD5-B6CB-39F53B6DB62F}.Release|iPhoneSimulator.ActiveCfg = Release|Any CPU
		{CE126AF9-4A36-4FD5-B6CB-39F53B6DB62F}.Release|iPhoneSimulator.Build.0 = Release|Any CPU
		{CE126AF9-4A36-4FD5-B6CB-39F53B6DB62F}.Release|iPhoneSimulator.Deploy.0 = Release|Any CPU
	EndGlobalSection
	GlobalSection(SolutionProperties) = preSolution
		HideSolutionNode = FALSE
	EndGlobalSection
	GlobalSection(ExtensibilityGlobals) = postSolution
		SolutionGuid = {DA567282-9EED-4F9E-84B4-89F553F610B3}
	EndGlobalSection
EndGlobal
